
Microsoft Visual Studio Solution File, Format Version 12.00
# Visual Studio 14
VisualStudioVersion = 14.0.23107.0
MinimumVisualStudioVersion = 10.0.40219.1
Project("{FAE04EC0-301F-11D3-BF4B-00C04F79EFBC}") = "SampleApplication", "SampleApplication\SampleApplication.csproj", "{B88613A9-A94E-4EEF-827C-76E01A5A273F}"
EndProject
Global
	GlobalSection(SolutionConfigurationPlatforms) = preSolution
		Debug|Any CPU = Debug|Any CPU
		Release|Any CPU = Release|Any CPU
	EndGlobalSection
	GlobalSection(ProjectConfigurationPlatforms) = postSolution
		{B88613A9-A94E-4EEF-827C-76E01A5A273F}.Debug|Any CPU.ActiveCfg = Debug|Any CPU
		{B88613A9-A94E-4EEF-827C-76E01A5A273F}.Debug|Any CPU.Build.0 = Debug|Any CPU
		{B88613A9-A94E-4EEF-827C-76E01A5A273F}.Release|Any CPU.ActiveCfg = Release|Any CPU
		{B88613A9-A94E-4EEF-827C-76E01A5A273F}.Release|Any CPU.Build.0 = Release|Any CPU
	EndGlobalSection
	GlobalSection(SolutionProperties) = preSolution
		HideSolutionNode = FALSE
	EndGlobalSection
EndGlobal
